
Microsoft Visual Studio Solution File, Format Version 12.00
# Visual Studio Version 17
VisualStudioVersion = 17.10.35004.147
MinimumVisualStudioVersion = 10.0.40219.1
Project("{FAE04EC0-301F-11D3-BF4B-00C04F79EFBC}") = "CutUsage", "CutUsage.csproj", "{A7840446-3657-4C8D-9F83-6BB298729DAE}"
EndProject
Global
	GlobalSection(SolutionConfigurationPlatforms) = preSolution
		Debug|Any CPU = Debug|Any CPU
		Release|Any CPU = Release|Any CPU
	EndGlobalSection
	GlobalSection(ProjectConfigurationPlatforms) = postSolution
		{A7840446-3657-4C8D-9F83-6BB298729DAE}.Debug|Any CPU.ActiveCfg = Debug|Any CPU
		{A7840446-3657-4C8D-9F83-6BB298729DAE}.Debug|Any CPU.Build.0 = Debug|Any CPU
		{A7840446-3657-4C8D-9F83-6BB298729DAE}.Release|Any CPU.ActiveCfg = Release|Any CPU
		{A7840446-3657-4C8D-9F83-6BB298729DAE}.Release|Any CPU.Build.0 = Release|Any CPU
	EndGlobalSection
	GlobalSection(SolutionProperties) = preSolution
		HideSolutionNode = FALSE
	EndGlobalSection
	GlobalSection(ExtensibilityGlobals) = postSolution
		SolutionGuid = {564D79AB-48E9-4222-B85B-4C3B03A860B0}
	EndGlobalSection
EndGlobal
